PODS:
  - edge_detection (1.1.3):
    - Flutter
    - WeScan
  - Flutter (1.0.0)
  - permission_handler_apple (9.3.0):
    - Flutter
  - WeScan (3.0.0)

DEPENDENCIES:
  - edge_detection (from `.symlinks/plugins/edge_detection/ios`)
  - Flutter (from `Flutter`)
  - permission_handler_apple (from `.symlinks/plugins/permission_handler_apple/ios`)
  - WeScan (from `.symlinks/plugins/edge_detection/ios/WeScan-3.0.0`)

EXTERNAL SOURCES:
  edge_detection:
    :path: ".symlinks/plugins/edge_detection/ios"
  Flutter:
    :path: Flutter
  permission_handler_apple:
    :path: ".symlinks/plugins/permission_handler_apple/ios"
  WeScan:
    :path: ".symlinks/plugins/edge_detection/ios/WeScan-3.0.0"

SPEC CHECKSUMS:
  edge_detection: ca7942eecdfb4acb1de11cb9300c42242acb5679
  Flutter: cabc95a1d2626b1b06e7179b784ebcf0c0cde467
  path_provider_foundation: 29f094ae23ebbca9d3d0cec13889cd9060c0e943
  permission_handler_apple: e76247795d700c14ea09e3a2d8855d41ee80a2e6
  WeScan: f50277f7304d146d9ebc4ebdc1b587df84dcdd8b

PODFILE CHECKSUM: 49931f24a6d709df0f0c4107c1e9ad372d0299d4

COCOAPODS: 1.13.0
