PODS:
  - edge_detection (1.1.3):
    - Flutter
    - TLPhotoPicker
    - WeScan
  - Flutter (1.0.0)
  - permission_handler_apple (9.3.0):
    - Flutter
  - TLPhotoPicker (2.1.18)
  - WeScan (3.0.0)

DEPENDENCIES:
  - edge_detection (from `.symlinks/plugins/edge_detection/ios`)
  - Flutter (from `Flutter`)
  - permission_handler_apple (from `.symlinks/plugins/permission_handler_apple/ios`)
  - TLPhotoPicker
  - WeScan (from `.symlinks/plugins/edge_detection/ios/WeScan-3.0.0`)

SPEC REPOS:
  trunk:
    - TLPhotoPicker

EXTERNAL SOURCES:
  edge_detection:
    :path: ".symlinks/plugins/edge_detection/ios"
  Flutter:
    :path: Flutter
  permission_handler_apple:
    :path: ".symlinks/plugins/permission_handler_apple/ios"
  WeScan:
    :path: ".symlinks/plugins/edge_detection/ios/WeScan-3.0.0"

SPEC CHECKSUMS:
  edge_detection: 2771c55e3e4607d64e5a97fbed138e5b30b16f82
  Flutter: cabc95a1d2626b1b06e7179b784ebcf0c0cde467
  permission_handler_apple: 9878588469a2b0d0fc1e048d9f43605f92e6cec2
  TLPhotoPicker: 0cd00a6a71d74a02dcbcd24c28a867fbff545ec4
  WeScan: f50277f7304d146d9ebc4ebdc1b587df84dcdd8b

PODFILE CHECKSUM: 989eb00f542d21e2a97b775ac0ec025abbda7b44

COCOAPODS: 1.13.0
